
Microsoft Visual Studio Solution File, Format Version 12.00
# Visual Studio Version 17
VisualStudioVersion = 17.5.33530.505
MinimumVisualStudioVersion = 10.0.40219.1
Project("{FAE04EC0-301F-11D3-BF4B-00C04F79EFBC}") = "ControleDeMedicamentos.ConsoleApp", "ControleDeMedicamentos.ConsoleApp\ControleDeMedicamentos.ConsoleApp.csproj", "{B095A72C-69F7-40A4-90F2-26AA2064B362}"
EndProject
Global
	GlobalSection(SolutionConfigurationPlatforms) = preSolution
		Debug|Any CPU = Debug|Any CPU
		Release|Any CPU = Release|Any CPU
	EndGlobalSection
	GlobalSection(ProjectConfigurationPlatforms) = postSolution
		{B095A72C-69F7-40A4-90F2-26AA2064B362}.Debug|Any CPU.ActiveCfg = Debug|Any CPU
		{B095A72C-69F7-40A4-90F2-26AA2064B362}.Debug|Any CPU.Build.0 = Debug|Any CPU
		{B095A72C-69F7-40A4-90F2-26AA2064B362}.Release|Any CPU.ActiveCfg = Release|Any CPU
		{B095A72C-69F7-40A4-90F2-26AA2064B362}.Release|Any CPU.Build.0 = Release|Any CPU
	EndGlobalSection
	GlobalSection(SolutionProperties) = preSolution
		HideSolutionNode = FALSE
	EndGlobalSection
	GlobalSection(ExtensibilityGlobals) = postSolution
		SolutionGuid = {6278A8E3-3F49-4714-8E53-E9370CF3FA35}
	EndGlobalSection
EndGlobal
